
Microsoft Visual Studio Solution File, Format Version 12.00
# Visual Studio Version 16
VisualStudioVersion = 16.0.30320.27
MinimumVisualStudioVersion = 10.0.40219.1
Project("{FAE04EC0-301F-11D3-BF4B-00C04F79EFBC}") = "RoundedButtons (WinForms)", "RoundedButtons (WinForms)\RoundedButtons (WinForms).csproj", "{53979571-5BB1-4DCA-BDE5-4B7135AA3020}"
EndProject
Project("{FAE04EC0-301F-11D3-BF4B-00C04F79EFBC}") = "RoundedButtons Example", "RoundedButtons Example\RoundedButtons Example.csproj", "{5F5A3CA2-9F47-4D5C-9A03-8D393EDB7A95}"
	ProjectSection(ProjectDependencies) = postProject
		{53979571-5BB1-4DCA-BDE5-4B7135AA3020} = {53979571-5BB1-4DCA-BDE5-4B7135AA3020}
	EndProjectSection
EndProject
Global
	GlobalSection(SolutionConfigurationPlatforms) = preSolution
		Debug|Any CPU = Debug|Any CPU
		Release|Any CPU = Release|Any CPU
	EndGlobalSection
	GlobalSection(ProjectConfigurationPlatforms) = postSolution
		{53979571-5BB1-4DCA-BDE5-4B7135AA3020}.Debug|Any CPU.ActiveCfg = Debug|Any CPU
		{53979571-5BB1-4DCA-BDE5-4B7135AA3020}.Debug|Any CPU.Build.0 = Debug|Any CPU
		{53979571-5BB1-4DCA-BDE5-4B7135AA3020}.Release|Any CPU.ActiveCfg = Release|Any CPU
		{53979571-5BB1-4DCA-BDE5-4B7135AA3020}.Release|Any CPU.Build.0 = Release|Any CPU
		{5F5A3CA2-9F47-4D5C-9A03-8D393EDB7A95}.Debug|Any CPU.ActiveCfg = Debug|Any CPU
		{5F5A3CA2-9F47-4D5C-9A03-8D393EDB7A95}.Debug|Any CPU.Build.0 = Debug|Any CPU
		{5F5A3CA2-9F47-4D5C-9A03-8D393EDB7A95}.Release|Any CPU.ActiveCfg = Release|Any CPU
		{5F5A3CA2-9F47-4D5C-9A03-8D393EDB7A95}.Release|Any CPU.Build.0 = Release|Any CPU
	EndGlobalSection
	GlobalSection(SolutionProperties) = preSolution
		HideSolutionNode = FALSE
	EndGlobalSection
	GlobalSection(ExtensibilityGlobals) = postSolution
		SolutionGuid = {F2DD76A2-4F0A-4CB8-B7D6-01DAB99AFC4A}
	EndGlobalSection
EndGlobal
